# THIS IS AN AUTOGENERATED FILE. DO NOT EDIT THIS FILE DIRECTLY.
# yarn lockfile v1


angular-actioncable@^1.1.1:
  version "1.1.1"
  resolved "https://registry.yarnpkg.com/angular-actioncable/-/angular-actioncable-1.1.1.tgz#dd1d7052338732fb78a974a2a088a71162f0b31a"
  dependencies:
    angular "<2.0.0"
    angular-websocket "^2.0.0"

angular-animate@1.5.x:
  version "1.5.11"
  resolved "https://registry.yarnpkg.com/angular-animate/-/angular-animate-1.5.11.tgz#1baa43c303d1b93c4e6aa89453b39114b7a1c669"

angular-bootstrap@0.12.x:
  version "0.12.2"
  resolved "https://registry.yarnpkg.com/angular-bootstrap/-/angular-bootstrap-0.12.2.tgz#de9900a7db087a7e9da47304a9c2f77f9c069827"

angular-cookies@1.5.x:
  version "1.5.11"
  resolved "https://registry.yarnpkg.com/angular-cookies/-/angular-cookies-1.5.11.tgz#88558de7c5044dcc3abeb79614d7ef8107ba49c0"

angular-datatables@0.5.x:
  version "0.5.7"
  resolved "https://registry.yarnpkg.com/angular-datatables/-/angular-datatables-0.5.7.tgz#340ccdc4edae767572c6271e77cbfe25a1810965"
  dependencies:
    angular ">=1.3.0"
    datatables.net "^1.10.11"
    datatables.net-dt "^1.10.11"
    jquery ">=1.11.0"

angular-i18n@1.5.x:
  version "1.5.11"
  resolved "https://registry.yarnpkg.com/angular-i18n/-/angular-i18n-1.5.11.tgz#3d0482032d06f1437c6192cd8ef6045e692aa689"

angular-resource@1.5.x:
  version "1.5.11"
  resolved "https://registry.yarnpkg.com/angular-resource/-/angular-resource-1.5.11.tgz#d93ea619184a2e0ee3ae338265758363172929f0"

angular-sanitize@1.5.x:
  version "1.5.11"
  resolved "https://registry.yarnpkg.com/angular-sanitize/-/angular-sanitize-1.5.11.tgz#ebfb3f343e543f9b2ef050fb4c2e9ee048d1772f"

angular-ui-bootstrap@2.5.x:
  version "2.5.0"
  resolved "https://registry.yarnpkg.com/angular-ui-bootstrap/-/angular-ui-bootstrap-2.5.0.tgz#2facefb915386655dc5f44150258032517236d01"

angular-websocket@^2.0.0, angular-websocket@^2.0.1:
  version "2.0.1"
  resolved "https://registry.yarnpkg.com/angular-websocket/-/angular-websocket-2.0.1.tgz#0fb4d60ed9018be583d031eec4e56b457cb8dcee"
  dependencies:
    angular "*"
    ws "^1.0.0"

angular@*, angular@1.5.x, angular@<2.0.0, angular@>=1.3.0:
  version "1.5.11"
  resolved "https://registry.yarnpkg.com/angular/-/angular-1.5.11.tgz#8c5ba7386f15965c9acf3429f6881553aada30d6"

datatables.net-dt@^1.10.11:
  version "1.10.15"
  resolved "https://registry.yarnpkg.com/datatables.net-dt/-/datatables.net-dt-1.10.15.tgz#cc67136c569888acf34687e34a0aeaa99378bbc6"
  dependencies:
    datatables.net ">=1.10.9"
    jquery ">=1.7"

datatables.net@>=1.10.9, datatables.net@^1.10.11:
  version "1.10.15"
  resolved "https://registry.yarnpkg.com/datatables.net/-/datatables.net-1.10.15.tgz#c789077bbfe385e75ff5a233fa5f23251a72df68"
  dependencies:
    jquery ">=1.7"

jquery@>=1.11.0, jquery@>=1.7:
  version "3.2.1"
  resolved "https://registry.yarnpkg.com/jquery/-/jquery-3.2.1.tgz#5c4d9de652af6cd0a770154a631bba12b015c787"

ng-file-upload@^12.2.13:
  version "12.2.13"
  resolved "https://registry.yarnpkg.com/ng-file-upload/-/ng-file-upload-12.2.13.tgz#01800f3872e526f95310f8477e99e4f12d0d8d14"

options@>=0.0.5:
  version "0.0.6"
  resolved "https://registry.yarnpkg.com/options/-/options-0.0.6.tgz#ec22d312806bb53e731773e7cdaefcf1c643128f"

ui-select@^0.19.8:
  version "0.19.8"
  resolved "https://registry.yarnpkg.com/ui-select/-/ui-select-0.19.8.tgz#74860848a7fd8bc494d9856d2f62776ea98637c1"

ultron@1.0.x:
  version "1.0.2"
  resolved "https://registry.yarnpkg.com/ultron/-/ultron-1.0.2.tgz#ace116ab557cd197386a4e88f4685378c8b2e4fa"

ws@^1.0.0:
  version "1.1.4"
  resolved "https://registry.yarnpkg.com/ws/-/ws-1.1.4.tgz#57f40d036832e5f5055662a397c4de76ed66bf61"
  dependencies:
    options ">=0.0.5"
    ultron "1.0.x"
